
Microsoft Visual Studio Solution File, Format Version 12.00
# Visual Studio Version 17
VisualStudioVersion = 17.9.34622.214
MinimumVisualStudioVersion = 10.0.40219.1
Project("{FAE04EC0-301F-11D3-BF4B-00C04F79EFBC}") = "algo project", "algo project\algo project.csproj", "{E58C42A3-56CE-4654-B270-3F82DD0694E0}"
EndProject
Global
	GlobalSection(SolutionConfigurationPlatforms) = preSolution
		Debug|Any CPU = Debug|Any CPU
		Release|Any CPU = Release|Any CPU
	EndGlobalSection
	GlobalSection(ProjectConfigurationPlatforms) = postSolution
		{E58C42A3-56CE-4654-B270-3F82DD0694E0}.Debug|Any CPU.ActiveCfg = Debug|Any CPU
		{E58C42A3-56CE-4654-B270-3F82DD0694E0}.Debug|Any CPU.Build.0 = Debug|Any CPU
		{E58C42A3-56CE-4654-B270-3F82DD0694E0}.Release|Any CPU.ActiveCfg = Release|Any CPU
		{E58C42A3-56CE-4654-B270-3F82DD0694E0}.Release|Any CPU.Build.0 = Release|Any CPU
	EndGlobalSection
	GlobalSection(SolutionProperties) = preSolution
		HideSolutionNode = FALSE
	EndGlobalSection
	GlobalSection(ExtensibilityGlobals) = postSolution
		SolutionGuid = {4635F5C5-2EC1-415D-92A4-32B4DDEAD73E}
	EndGlobalSection
EndGlobal
